
Microsoft Visual Studio Solution File, Format Version 12.00
# Visual Studio Version 16
VisualStudioVersion = 16.0.29324.140
MinimumVisualStudioVersion = 10.0.40219.1
Project("{2150E333-8FDC-42A3-9474-1A3956D46DE8}") = "Solution Items", "Solution Items", "{4457DD0B-7361-4B25-8BC0-932E4E209AAA}"
	ProjectSection(SolutionItems) = preProject
		appveyor.yml = appveyor.yml
		README.md = README.md
		Rules.ruleset = Rules.ruleset
	EndProjectSection
EndProject
Project("{FAE04EC0-301F-11D3-BF4B-00C04F79EFBC}") = "ManiacEditor", "ManiacEditor\ManiacEditor.csproj", "{BA2FCF85-11E7-481A-A045-86219D9393D9}"
EndProject
Project("{FAE04EC0-301F-11D3-BF4B-00C04F79EFBC}") = "RSDKv5", "RSDK-Reverse\RSDKv5\RSDKv5.csproj", "{CF5496F8-002B-408F-9B3D-67C88F610283}"
EndProject
Project("{FAE04EC0-301F-11D3-BF4B-00C04F79EFBC}") = "RSDKvB", "RSDK-Reverse\RSDKvB\RSDKvB.csproj", "{1A58BA31-C9E1-4D18-876E-EC73799E7A9F}"
EndProject
Project("{FAE04EC0-301F-11D3-BF4B-00C04F79EFBC}") = "ManiacED-ManiaPal", "ManiacED-ManiaPal\ManiacED-ManiaPal.csproj", "{F75427B3-FACD-43A9-AF49-98A0F3AAADB5}"
EndProject
Project("{FAE04EC0-301F-11D3-BF4B-00C04F79EFBC}") = "RSDKv2", "RSDK-Reverse\RSDKv2\RSDKv2.csproj", "{B41A3858-7E66-4755-9F50-94EA021155B6}"
EndProject
Project("{FAE04EC0-301F-11D3-BF4B-00C04F79EFBC}") = "RSDKvRS", "RSDK-Reverse\RSDKvRS\RSDKvRS.csproj", "{AAE1BACD-FE6B-4CC6-AD2D-073315F45EAF}"
EndProject
Project("{FAE04EC0-301F-11D3-BF4B-00C04F79EFBC}") = "RSDKv1", "RSDK-Reverse\RSDKv1\RSDKv1.csproj", "{E089DB56-F8D4-434E-A9A8-C7EFCC3278D8}"
EndProject
Project("{2150E333-8FDC-42A3-9474-1A3956D46DE8}") = "RSDK-Reverse", "RSDK-Reverse", "{4F274C3F-9595-47BF-9F1A-3FC81E1D515A}"
EndProject
Project("{2150E333-8FDC-42A3-9474-1A3956D46DE8}") = "GenerationsLib", "GenerationsLib", "{8B2843B5-8206-4931-9A79-B8589178B46A}"
EndProject
Project("{2150E333-8FDC-42A3-9474-1A3956D46DE8}") = "Lock-On Apps", "Lock-On Apps", "{17266035-2C8E-49D7-A0DE-942080AF9626}"
EndProject
Project("{FAE04EC0-301F-11D3-BF4B-00C04F79EFBC}") = "ManiacEditor.Core", "ManiacEditor.Core\ManiacEditor.Core.csproj", "{8DB31C93-6810-4C60-86C4-5D8733E082DC}"
EndProject
Project("{FAE04EC0-301F-11D3-BF4B-00C04F79EFBC}") = "GenerationsLib.Core", "GenerationsLib\GenerationsLib.Core\GenerationsLib.Core.csproj", "{51CA42A9-58F0-4F3D-A250-BC22D8A8540E}"
EndProject
Project("{FAE04EC0-301F-11D3-BF4B-00C04F79EFBC}") = "GenerationsLib.WPF", "GenerationsLib\GenerationsLib.WPF\GenerationsLib.WPF.csproj", "{335800A2-F482-4AE6-9017-57D7C3C52110}"
EndProject
Project("{2150E333-8FDC-42A3-9474-1A3956D46DE8}") = "Installer", "Installer", "{E426E341-48C3-437D-905A-8FFDC9EE6373}"
	ProjectSection(SolutionItems) = preProject
		Installer\MakeInstaller.bat = Installer\MakeInstaller.bat
		Installer\ManiacEditor-GenerationsEdition.nsi = Installer\ManiacEditor-GenerationsEdition.nsi
		Installer\win.bmp = Installer\win.bmp
	EndProjectSection
EndProject
Global
	GlobalSection(SolutionConfigurationPlatforms) = preSolution
		Debug|Any CPU = Debug|Any CPU
		Debug|x64 = Debug|x64
		Debug|x86 = Debug|x86
		Publish|Any CPU = Publish|Any CPU
		Publish|x64 = Publish|x64
		Publish|x86 = Publish|x86
		Release|Any CPU = Release|Any CPU
		Release|x64 = Release|x64
		Release|x86 = Release|x86
	EndGlobalSection
	GlobalSection(ProjectConfigurationPlatforms) = postSolution
		{BA2FCF85-11E7-481A-A045-86219D9393D9}.Debug|Any CPU.ActiveCfg = Debug|Any CPU
		{BA2FCF85-11E7-481A-A045-86219D9393D9}.Debug|Any CPU.Build.0 = Debug|Any CPU
		{BA2FCF85-11E7-481A-A045-86219D9393D9}.Debug|x64.ActiveCfg = Debug|x64
		{BA2FCF85-11E7-481A-A045-86219D9393D9}.Debug|x64.Build.0 = Debug|x64
		{BA2FCF85-11E7-481A-A045-86219D9393D9}.Debug|x86.ActiveCfg = Debug|x86
		{BA2FCF85-11E7-481A-A045-86219D9393D9}.Debug|x86.Build.0 = Debug|x86
		{BA2FCF85-11E7-481A-A045-86219D9393D9}.Publish|Any CPU.ActiveCfg = Publish|Any CPU
		{BA2FCF85-11E7-481A-A045-86219D9393D9}.Publish|Any CPU.Build.0 = Publish|Any CPU
		{BA2FCF85-11E7-481A-A045-86219D9393D9}.Publish|x64.ActiveCfg = Release|x64
		{BA2FCF85-11E7-481A-A045-86219D9393D9}.Publish|x64.Build.0 = Release|x64
		{BA2FCF85-11E7-481A-A045-86219D9393D9}.Publish|x86.ActiveCfg = Release|x86
		{BA2FCF85-11E7-481A-A045-86219D9393D9}.Publish|x86.Build.0 = Release|x86
		{BA2FCF85-11E7-481A-A045-86219D9393D9}.Release|Any CPU.ActiveCfg = Release|Any CPU
		{BA2FCF85-11E7-481A-A045-86219D9393D9}.Release|Any CPU.Build.0 = Release|Any CPU
		{BA2FCF85-11E7-481A-A045-86219D9393D9}.Release|x64.ActiveCfg = Release|x64
		{BA2FCF85-11E7-481A-A045-86219D9393D9}.Release|x64.Build.0 = Release|x64
		{BA2FCF85-11E7-481A-A045-86219D9393D9}.Release|x86.ActiveCfg = Release|x86
		{BA2FCF85-11E7-481A-A045-86219D9393D9}.Release|x86.Build.0 = Release|x86
		{CF5496F8-002B-408F-9B3D-67C88F610283}.Debug|Any CPU.ActiveCfg = Debug|Any CPU
		{CF5496F8-002B-408F-9B3D-67C88F610283}.Debug|Any CPU.Build.0 = Debug|Any CPU
		{CF5496F8-002B-408F-9B3D-67C88F610283}.Debug|x64.ActiveCfg = Debug|x64
		{CF5496F8-002B-408F-9B3D-67C88F610283}.Debug|x64.Build.0 = Debug|x64
		{CF5496F8-002B-408F-9B3D-67C88F610283}.Debug|x86.ActiveCfg = Debug|x86
		{CF5496F8-002B-408F-9B3D-67C88F610283}.Debug|x86.Build.0 = Debug|x86
		{CF5496F8-002B-408F-9B3D-67C88F610283}.Publish|Any CPU.ActiveCfg = Release|Any CPU
		{CF5496F8-002B-408F-9B3D-67C88F610283}.Publish|Any CPU.Build.0 = Release|Any CPU
		{CF5496F8-002B-408F-9B3D-67C88F610283}.Publish|x64.ActiveCfg = Release|x64
		{CF5496F8-002B-408F-9B3D-67C88F610283}.Publish|x64.Build.0 = Release|x64
		{CF5496F8-002B-408F-9B3D-67C88F610283}.Publish|x86.ActiveCfg = Release|x86
		{CF5496F8-002B-408F-9B3D-67C88F610283}.Publish|x86.Build.0 = Release|x86
		{CF5496F8-002B-408F-9B3D-67C88F610283}.Release|Any CPU.ActiveCfg = Release|Any CPU
		{CF5496F8-002B-408F-9B3D-67C88F610283}.Release|Any CPU.Build.0 = Release|Any CPU
		{CF5496F8-002B-408F-9B3D-67C88F610283}.Release|x64.ActiveCfg = Release|x64
		{CF5496F8-002B-408F-9B3D-67C88F610283}.Release|x64.Build.0 = Release|x64
		{CF5496F8-002B-408F-9B3D-67C88F610283}.Release|x86.ActiveCfg = Release|x86
		{CF5496F8-002B-408F-9B3D-67C88F610283}.Release|x86.Build.0 = Release|x86
		{1A58BA31-C9E1-4D18-876E-EC73799E7A9F}.Debug|Any CPU.ActiveCfg = Debug|Any CPU
		{1A58BA31-C9E1-4D18-876E-EC73799E7A9F}.Debug|Any CPU.Build.0 = Debug|Any CPU
		{1A58BA31-C9E1-4D18-876E-EC73799E7A9F}.Debug|x64.ActiveCfg = Debug|x64
		{1A58BA31-C9E1-4D18-876E-EC73799E7A9F}.Debug|x64.Build.0 = Debug|x64
		{1A58BA31-C9E1-4D18-876E-EC73799E7A9F}.Debug|x86.ActiveCfg = Debug|x86
		{1A58BA31-C9E1-4D18-876E-EC73799E7A9F}.Debug|x86.Build.0 = Debug|x86
		{1A58BA31-C9E1-4D18-876E-EC73799E7A9F}.Publish|Any CPU.ActiveCfg = Release|Any CPU
		{1A58BA31-C9E1-4D18-876E-EC73799E7A9F}.Publish|Any CPU.Build.0 = Release|Any CPU
		{1A58BA31-C9E1-4D18-876E-EC73799E7A9F}.Publish|x64.ActiveCfg = Release|x64
		{1A58BA31-C9E1-4D18-876E-EC73799E7A9F}.Publish|x64.Build.0 = Release|x64
		{1A58BA31-C9E1-4D18-876E-EC73799E7A9F}.Publish|x86.ActiveCfg = Release|x86
		{1A58BA31-C9E1-4D18-876E-EC73799E7A9F}.Publish|x86.Build.0 = Release|x86
		{1A58BA31-C9E1-4D18-876E-EC73799E7A9F}.Release|Any CPU.ActiveCfg = Release|Any CPU
		{1A58BA31-C9E1-4D18-876E-EC73799E7A9F}.Release|Any CPU.Build.0 = Release|Any CPU
		{1A58BA31-C9E1-4D18-876E-EC73799E7A9F}.Release|x64.ActiveCfg = Release|x64
		{1A58BA31-C9E1-4D18-876E-EC73799E7A9F}.Release|x64.Build.0 = Release|x64
		{1A58BA31-C9E1-4D18-876E-EC73799E7A9F}.Release|x86.ActiveCfg = Release|x86
		{1A58BA31-C9E1-4D18-876E-EC73799E7A9F}.Release|x86.Build.0 = Release|x86
		{F75427B3-FACD-43A9-AF49-98A0F3AAADB5}.Debug|Any CPU.ActiveCfg = Debug|Any CPU
		{F75427B3-FACD-43A9-AF49-98A0F3AAADB5}.Debug|Any CPU.Build.0 = Debug|Any CPU
		{F75427B3-FACD-43A9-AF49-98A0F3AAADB5}.Debug|x64.ActiveCfg = Debug|x64
		{F75427B3-FACD-43A9-AF49-98A0F3AAADB5}.Debug|x64.Build.0 = Debug|x64
		{F75427B3-FACD-43A9-AF49-98A0F3AAADB5}.Debug|x86.ActiveCfg = Debug|x86
		{F75427B3-FACD-43A9-AF49-98A0F3AAADB5}.Debug|x86.Build.0 = Debug|x86
		{F75427B3-FACD-43A9-AF49-98A0F3AAADB5}.Publish|Any CPU.ActiveCfg = Release|Any CPU
		{F75427B3-FACD-43A9-AF49-98A0F3AAADB5}.Publish|Any CPU.Build.0 = Release|Any CPU
		{F75427B3-FACD-43A9-AF49-98A0F3AAADB5}.Publish|x64.ActiveCfg = Release|x64
		{F75427B3-FACD-43A9-AF49-98A0F3AAADB5}.Publish|x64.Build.0 = Release|x64
		{F75427B3-FACD-43A9-AF49-98A0F3AAADB5}.Publish|x86.ActiveCfg = Release|x86
		{F75427B3-FACD-43A9-AF49-98A0F3AAADB5}.Publish|x86.Build.0 = Release|x86
		{F75427B3-FACD-43A9-AF49-98A0F3AAADB5}.Release|Any CPU.ActiveCfg = Release|Any CPU
		{F75427B3-FACD-43A9-AF49-98A0F3AAADB5}.Release|Any CPU.Build.0 = Release|Any CPU
		{F75427B3-FACD-43A9-AF49-98A0F3AAADB5}.Release|x64.ActiveCfg = Release|x64
		{F75427B3-FACD-43A9-AF49-98A0F3AAADB5}.Release|x64.Build.0 = Release|x64
		{F75427B3-FACD-43A9-AF49-98A0F3AAADB5}.Release|x86.ActiveCfg = Release|x86
		{F75427B3-FACD-43A9-AF49-98A0F3AAADB5}.Release|x86.Build.0 = Release|x86
		{B41A3858-7E66-4755-9F50-94EA021155B6}.Debug|Any CPU.ActiveCfg = Debug|Any CPU
		{B41A3858-7E66-4755-9F50-94EA021155B6}.Debug|Any CPU.Build.0 = Debug|Any CPU
		{B41A3858-7E66-4755-9F50-94EA021155B6}.Debug|x64.ActiveCfg = Debug|Any CPU
		{B41A3858-7E66-4755-9F50-94EA021155B6}.Debug|x64.Build.0 = Debug|Any CPU
		{B41A3858-7E66-4755-9F50-94EA021155B6}.Debug|x86.ActiveCfg = Debug|Any CPU
		{B41A3858-7E66-4755-9F50-94EA021155B6}.Debug|x86.Build.0 = Debug|Any CPU
		{B41A3858-7E66-4755-9F50-94EA021155B6}.Publish|Any CPU.ActiveCfg = Release|Any CPU
		{B41A3858-7E66-4755-9F50-94EA021155B6}.Publish|Any CPU.Build.0 = Release|Any CPU
		{B41A3858-7E66-4755-9F50-94EA021155B6}.Publish|x64.ActiveCfg = Release|Any CPU
		{B41A3858-7E66-4755-9F50-94EA021155B6}.Publish|x64.Build.0 = Release|Any CPU
		{B41A3858-7E66-4755-9F50-94EA021155B6}.Publish|x86.ActiveCfg = Release|Any CPU
		{B41A3858-7E66-4755-9F50-94EA021155B6}.Publish|x86.Build.0 = Release|Any CPU
		{B41A3858-7E66-4755-9F50-94EA021155B6}.Release|Any CPU.ActiveCfg = Release|Any CPU
		{B41A3858-7E66-4755-9F50-94EA021155B6}.Release|Any CPU.Build.0 = Release|Any CPU
		{B41A3858-7E66-4755-9F50-94EA021155B6}.Release|x64.ActiveCfg = Release|Any CPU
		{B41A3858-7E66-4755-9F50-94EA021155B6}.Release|x64.Build.0 = Release|Any CPU
		{B41A3858-7E66-4755-9F50-94EA021155B6}.Release|x86.ActiveCfg = Release|Any CPU
		{B41A3858-7E66-4755-9F50-94EA021155B6}.Release|x86.Build.0 = Release|Any CPU
		{AAE1BACD-FE6B-4CC6-AD2D-073315F45EAF}.Debug|Any CPU.ActiveCfg = Debug|Any CPU
		{AAE1BACD-FE6B-4CC6-AD2D-073315F45EAF}.Debug|Any CPU.Build.0 = Debug|Any CPU
		{AAE1BACD-FE6B-4CC6-AD2D-073315F45EAF}.Debug|x64.ActiveCfg = Debug|Any CPU
		{AAE1BACD-FE6B-4CC6-AD2D-073315F45EAF}.Debug|x64.Build.0 = Debug|Any CPU
		{AAE1BACD-FE6B-4CC6-AD2D-073315F45EAF}.Debug|x86.ActiveCfg = Debug|Any CPU
		{AAE1BACD-FE6B-4CC6-AD2D-073315F45EAF}.Debug|x86.Build.0 = Debug|Any CPU
		{AAE1BACD-FE6B-4CC6-AD2D-073315F45EAF}.Publish|Any CPU.ActiveCfg = Release|Any CPU
		{AAE1BACD-FE6B-4CC6-AD2D-073315F45EAF}.Publish|Any CPU.Build.0 = Release|Any CPU
		{AAE1BACD-FE6B-4CC6-AD2D-073315F45EAF}.Publish|x64.ActiveCfg = Release|Any CPU
		{AAE1BACD-FE6B-4CC6-AD2D-073315F45EAF}.Publish|x64.Build.0 = Release|Any CPU
		{AAE1BACD-FE6B-4CC6-AD2D-073315F45EAF}.Publish|x86.ActiveCfg = Release|Any CPU
		{AAE1BACD-FE6B-4CC6-AD2D-073315F45EAF}.Publish|x86.Build.0 = Release|Any CPU
		{AAE1BACD-FE6B-4CC6-AD2D-073315F45EAF}.Release|Any CPU.ActiveCfg = Release|Any CPU
		{AAE1BACD-FE6B-4CC6-AD2D-073315F45EAF}.Release|Any CPU.Build.0 = Release|Any CPU
		{AAE1BACD-FE6B-4CC6-AD2D-073315F45EAF}.Release|x64.ActiveCfg = Release|Any CPU
		{AAE1BACD-FE6B-4CC6-AD2D-073315F45EAF}.Release|x64.Build.0 = Release|Any CPU
		{AAE1BACD-FE6B-4CC6-AD2D-073315F45EAF}.Release|x86.ActiveCfg = Release|Any CPU
		{AAE1BACD-FE6B-4CC6-AD2D-073315F45EAF}.Release|x86.Build.0 = Release|Any CPU
		{E089DB56-F8D4-434E-A9A8-C7EFCC3278D8}.Debug|Any CPU.ActiveCfg = Debug|Any CPU
		{E089DB56-F8D4-434E-A9A8-C7EFCC3278D8}.Debug|Any CPU.Build.0 = Debug|Any CPU
		{E089DB56-F8D4-434E-A9A8-C7EFCC3278D8}.Debug|x64.ActiveCfg = Debug|Any CPU
		{E089DB56-F8D4-434E-A9A8-C7EFCC3278D8}.Debug|x64.Build.0 = Debug|Any CPU
		{E089DB56-F8D4-434E-A9A8-C7EFCC3278D8}.Debug|x86.ActiveCfg = Debug|Any CPU
		{E089DB56-F8D4-434E-A9A8-C7EFCC3278D8}.Debug|x86.Build.0 = Debug|Any CPU
		{E089DB56-F8D4-434E-A9A8-C7EFCC3278D8}.Publish|Any CPU.ActiveCfg = Release|Any CPU
		{E089DB56-F8D4-434E-A9A8-C7EFCC3278D8}.Publish|Any CPU.Build.0 = Release|Any CPU
		{E089DB56-F8D4-434E-A9A8-C7EFCC3278D8}.Publish|x64.ActiveCfg = Release|Any CPU
		{E089DB56-F8D4-434E-A9A8-C7EFCC3278D8}.Publish|x64.Build.0 = Release|Any CPU
		{E089DB56-F8D4-434E-A9A8-C7EFCC3278D8}.Publish|x86.ActiveCfg = Release|Any CPU
		{E089DB56-F8D4-434E-A9A8-C7EFCC3278D8}.Publish|x86.Build.0 = Release|Any CPU
		{E089DB56-F8D4-434E-A9A8-C7EFCC3278D8}.Release|Any CPU.ActiveCfg = Release|Any CPU
		{E089DB56-F8D4-434E-A9A8-C7EFCC3278D8}.Release|Any CPU.Build.0 = Release|Any CPU
		{E089DB56-F8D4-434E-A9A8-C7EFCC3278D8}.Release|x64.ActiveCfg = Release|Any CPU
		{E089DB56-F8D4-434E-A9A8-C7EFCC3278D8}.Release|x64.Build.0 = Release|Any CPU
		{E089DB56-F8D4-434E-A9A8-C7EFCC3278D8}.Release|x86.ActiveCfg = Release|Any CPU
		{E089DB56-F8D4-434E-A9A8-C7EFCC3278D8}.Release|x86.Build.0 = Release|Any CPU
		{8DB31C93-6810-4C60-86C4-5D8733E082DC}.Debug|Any CPU.ActiveCfg = Debug|Any CPU
		{8DB31C93-6810-4C60-86C4-5D8733E082DC}.Debug|Any CPU.Build.0 = Debug|Any CPU
		{8DB31C93-6810-4C60-86C4-5D8733E082DC}.Debug|x64.ActiveCfg = Debug|Any CPU
		{8DB31C93-6810-4C60-86C4-5D8733E082DC}.Debug|x64.Build.0 = Debug|Any CPU
		{8DB31C93-6810-4C60-86C4-5D8733E082DC}.Debug|x86.ActiveCfg = Debug|Any CPU
		{8DB31C93-6810-4C60-86C4-5D8733E082DC}.Debug|x86.Build.0 = Debug|Any CPU
		{8DB31C93-6810-4C60-86C4-5D8733E082DC}.Publish|Any CPU.ActiveCfg = Release|Any CPU
		{8DB31C93-6810-4C60-86C4-5D8733E082DC}.Publish|Any CPU.Build.0 = Release|Any CPU
		{8DB31C93-6810-4C60-86C4-5D8733E082DC}.Publish|x64.ActiveCfg = Release|Any CPU
		{8DB31C93-6810-4C60-86C4-5D8733E082DC}.Publish|x64.Build.0 = Release|Any CPU
		{8DB31C93-6810-4C60-86C4-5D8733E082DC}.Publish|x86.ActiveCfg = Release|Any CPU
		{8DB31C93-6810-4C60-86C4-5D8733E082DC}.Publish|x86.Build.0 = Release|Any CPU
		{8DB31C93-6810-4C60-86C4-5D8733E082DC}.Release|Any CPU.ActiveCfg = Release|Any CPU
		{8DB31C93-6810-4C60-86C4-5D8733E082DC}.Release|Any CPU.Build.0 = Release|Any CPU
		{8DB31C93-6810-4C60-86C4-5D8733E082DC}.Release|x64.ActiveCfg = Release|Any CPU
		{8DB31C93-6810-4C60-86C4-5D8733E082DC}.Release|x64.Build.0 = Release|Any CPU
		{8DB31C93-6810-4C60-86C4-5D8733E082DC}.Release|x86.ActiveCfg = Release|Any CPU
		{8DB31C93-6810-4C60-86C4-5D8733E082DC}.Release|x86.Build.0 = Release|Any CPU
		{51CA42A9-58F0-4F3D-A250-BC22D8A8540E}.Debug|Any CPU.ActiveCfg = Debug|Any CPU
		{51CA42A9-58F0-4F3D-A250-BC22D8A8540E}.Debug|Any CPU.Build.0 = Debug|Any CPU
		{51CA42A9-58F0-4F3D-A250-BC22D8A8540E}.Debug|x64.ActiveCfg = Debug|Any CPU
		{51CA42A9-58F0-4F3D-A250-BC22D8A8540E}.Debug|x64.Build.0 = Debug|Any CPU
		{51CA42A9-58F0-4F3D-A250-BC22D8A8540E}.Debug|x86.ActiveCfg = Debug|Any CPU
		{51CA42A9-58F0-4F3D-A250-BC22D8A8540E}.Debug|x86.Build.0 = Debug|Any CPU
		{51CA42A9-58F0-4F3D-A250-BC22D8A8540E}.Publish|Any CPU.ActiveCfg = Release|Any CPU
		{51CA42A9-58F0-4F3D-A250-BC22D8A8540E}.Publish|Any CPU.Build.0 = Release|Any CPU
		{51CA42A9-58F0-4F3D-A250-BC22D8A8540E}.Publish|x64.ActiveCfg = Release|Any CPU
		{51CA42A9-58F0-4F3D-A250-BC22D8A8540E}.Publish|x64.Build.0 = Release|Any CPU
		{51CA42A9-58F0-4F3D-A250-BC22D8A8540E}.Publish|x86.ActiveCfg = Release|Any CPU
		{51CA42A9-58F0-4F3D-A250-BC22D8A8540E}.Publish|x86.Build.0 = Release|Any CPU
		{51CA42A9-58F0-4F3D-A250-BC22D8A8540E}.Release|Any CPU.ActiveCfg = Release|Any CPU
		{51CA42A9-58F0-4F3D-A250-BC22D8A8540E}.Release|Any CPU.Build.0 = Release|Any CPU
		{51CA42A9-58F0-4F3D-A250-BC22D8A8540E}.Release|x64.ActiveCfg = Release|Any CPU
		{51CA42A9-58F0-4F3D-A250-BC22D8A8540E}.Release|x64.Build.0 = Release|Any CPU
		{51CA42A9-58F0-4F3D-A250-BC22D8A8540E}.Release|x86.ActiveCfg = Release|Any CPU
		{51CA42A9-58F0-4F3D-A250-BC22D8A8540E}.Release|x86.Build.0 = Release|Any CPU
		{335800A2-F482-4AE6-9017-57D7C3C52110}.Debug|Any CPU.ActiveCfg = Debug|Any CPU
		{335800A2-F482-4AE6-9017-57D7C3C52110}.Debug|Any CPU.Build.0 = Debug|Any CPU
		{335800A2-F482-4AE6-9017-57D7C3C52110}.Debug|x64.ActiveCfg = Debug|Any CPU
		{335800A2-F482-4AE6-9017-57D7C3C52110}.Debug|x64.Build.0 = Debug|Any CPU
		{335800A2-F482-4AE6-9017-57D7C3C52110}.Debug|x86.ActiveCfg = Debug|x86
		{335800A2-F482-4AE6-9017-57D7C3C52110}.Debug|x86.Build.0 = Debug|x86
		{335800A2-F482-4AE6-9017-57D7C3C52110}.Publish|Any CPU.ActiveCfg = Release|Any CPU
		{335800A2-F482-4AE6-9017-57D7C3C52110}.Publish|Any CPU.Build.0 = Release|Any CPU
		{335800A2-F482-4AE6-9017-57D7C3C52110}.Publish|x64.ActiveCfg = Release|Any CPU
		{335800A2-F482-4AE6-9017-57D7C3C52110}.Publish|x64.Build.0 = Release|Any CPU
		{335800A2-F482-4AE6-9017-57D7C3C52110}.Publish|x86.ActiveCfg = Release|x86
		{335800A2-F482-4AE6-9017-57D7C3C52110}.Publish|x86.Build.0 = Release|x86
		{335800A2-F482-4AE6-9017-57D7C3C52110}.Release|Any CPU.ActiveCfg = Release|Any CPU
		{335800A2-F482-4AE6-9017-57D7C3C52110}.Release|Any CPU.Build.0 = Release|Any CPU
		{335800A2-F482-4AE6-9017-57D7C3C52110}.Release|x64.ActiveCfg = Release|Any CPU
		{335800A2-F482-4AE6-9017-57D7C3C52110}.Release|x64.Build.0 = Release|Any CPU
		{335800A2-F482-4AE6-9017-57D7C3C52110}.Release|x86.ActiveCfg = Release|x86
		{335800A2-F482-4AE6-9017-57D7C3C52110}.Release|x86.Build.0 = Release|x86
	EndGlobalSection
	GlobalSection(SolutionProperties) = preSolution
		HideSolutionNode = FALSE
	EndGlobalSection
	GlobalSection(NestedProjects) = preSolution
		{CF5496F8-002B-408F-9B3D-67C88F610283} = {4F274C3F-9595-47BF-9F1A-3FC81E1D515A}
		{1A58BA31-C9E1-4D18-876E-EC73799E7A9F} = {4F274C3F-9595-47BF-9F1A-3FC81E1D515A}
		{F75427B3-FACD-43A9-AF49-98A0F3AAADB5} = {17266035-2C8E-49D7-A0DE-942080AF9626}
		{B41A3858-7E66-4755-9F50-94EA021155B6} = {4F274C3F-9595-47BF-9F1A-3FC81E1D515A}
		{AAE1BACD-FE6B-4CC6-AD2D-073315F45EAF} = {4F274C3F-9595-47BF-9F1A-3FC81E1D515A}
		{E089DB56-F8D4-434E-A9A8-C7EFCC3278D8} = {4F274C3F-9595-47BF-9F1A-3FC81E1D515A}
		{51CA42A9-58F0-4F3D-A250-BC22D8A8540E} = {8B2843B5-8206-4931-9A79-B8589178B46A}
		{335800A2-F482-4AE6-9017-57D7C3C52110} = {8B2843B5-8206-4931-9A79-B8589178B46A}
		{E426E341-48C3-437D-905A-8FFDC9EE6373} = {4457DD0B-7361-4B25-8BC0-932E4E209AAA}
	EndGlobalSection
	GlobalSection(ExtensibilityGlobals) = postSolution
		SolutionGuid = {A7AC57BF-1EA1-478D-9093-C42EF5BABBA9}
	EndGlobalSection
EndGlobal
